// !$*UTF8*$!
{
	archiveVersion = 1;
	classes = {
	};
	objectVersion = 77;
	objects = {

/* Begin PBXBuildFile section */
		0295939812E773FBAB20058E /* ContentView.swift in Sources */ = {isa = PBXBuildFile; fileRef = 0B8233BFB366A7E8923EEFC7 /* ContentView.swift */; };
		135A3B47ECD4A67C6CCF3877 /* TemperatureColor.swift in Sources */ = {isa = PBXBuildFile; fileRef = 9F4E9D9F71E2AFC7487E4257 /* TemperatureColor.swift */; };
		14C7B3E442C8BEB8451F51E8 /* RetroUSSRView.swift in Sources */ = {isa = PBXBuildFile; fileRef = 85BCB5355425F729C3C6BBA7 /* RetroUSSRView.swift */; };
		2FA00F7F4704008FCEB8801D /* RetroDigitalReadoutView.swift in Sources */ = {isa = PBXBuildFile; fileRef = E21A067F46272DF0D7098674 /* RetroDigitalReadoutView.swift */; };
		400B5B36F76BDD570C8DD8DB /* WeatherService.swift in Sources */ = {isa = PBXBuildFile; fileRef = 5AA531CC98DD574DD41D3222 /* WeatherService.swift */; };
		5D66B57D69A0B2DDA2D23176 /* ThermometerVisualStyle.swift in Sources */ = {isa = PBXBuildFile; fileRef = 737F9F7F1322E78AC6EE6C1E /* ThermometerVisualStyle.swift */; };
		7FAB0E5B311E3CEB4FEF9041 /* ThermometerView.swift in Sources */ = {isa = PBXBuildFile; fileRef = 01DF029D3F335F1E6C93A373 /* ThermometerView.swift */; };
		99B131F503CC657175176B93 /* Assets.xcassets in Resources */ = {isa = PBXBuildFile; fileRef = C4E60BB203372A191D1CF416 /* Assets.xcassets */; };
		A8BA52B2E43970BDF2761443 /* DialGaugeView.swift in Sources */ = {isa = PBXBuildFile; fileRef = 876C0D96409098D73DCC2E57 /* DialGaugeView.swift */; };
		B073F24ACA82697313DDB5D3 /* LocationManager.swift in Sources */ = {isa = PBXBuildFile; fileRef = 98CC06E740F689BB6323A381 /* LocationManager.swift */; };
		BADB2AC76EFC99C91E10C267 /* GalileoColumnView.swift in Sources */ = {isa = PBXBuildFile; fileRef = 86A0F9A71721A703F07A7ED6 /* GalileoColumnView.swift */; };
		C8B4512186EC3DB82E34B78B /* LiquidColumnView.swift in Sources */ = {isa = PBXBuildFile; fileRef = F775254868D42650419C89D4 /* LiquidColumnView.swift */; };
		C9C5D16B5A6DD87BDDB8067E /* ThermometerApp.swift in Sources */ = {isa = PBXBuildFile; fileRef = 3B17A0719947E91E69E2BBE6 /* ThermometerApp.swift */; };
		CCAF5F188EE61875A18E8601 /* OrnamentalGardenTubeView.swift in Sources */ = {isa = PBXBuildFile; fileRef = C96949225499373811B462BE /* OrnamentalGardenTubeView.swift */; };
/* End PBXBuildFile section */

/* Begin PBXFileReference section */
		01DF029D3F335F1E6C93A373 /* ThermometerView.swift */ = {isa = PBXFileReference; lastKnownFileType = sourcecode.swift; path = ThermometerView.swift; sourceTree = "<group>"; };
		0B8233BFB366A7E8923EEFC7 /* ContentView.swift */ = {isa = PBXFileReference; lastKnownFileType = sourcecode.swift; path = ContentView.swift; sourceTree = "<group>"; };
		3B17A0719947E91E69E2BBE6 /* ThermometerApp.swift */ = {isa = PBXFileReference; lastKnownFileType = sourcecode.swift; path = ThermometerApp.swift; sourceTree = "<group>"; };
		5AA531CC98DD574DD41D3222 /* WeatherService.swift */ = {isa = PBXFileReference; lastKnownFileType = sourcecode.swift; path = WeatherService.swift; sourceTree = "<group>"; };
		737F9F7F1322E78AC6EE6C1E /* ThermometerVisualStyle.swift */ = {isa = PBXFileReference; lastKnownFileType = sourcecode.swift; path = ThermometerVisualStyle.swift; sourceTree = "<group>"; };
		85BCB5355425F729C3C6BBA7 /* RetroUSSRView.swift */ = {isa = PBXFileReference; lastKnownFileType = sourcecode.swift; path = RetroUSSRView.swift; sourceTree = "<group>"; };
		86A0F9A71721A703F07A7ED6 /* GalileoColumnView.swift */ = {isa = PBXFileReference; lastKnownFileType = sourcecode.swift; path = GalileoColumnView.swift; sourceTree = "<group>"; };
		876C0D96409098D73DCC2E57 /* DialGaugeView.swift */ = {isa = PBXFileReference; lastKnownFileType = sourcecode.swift; path = DialGaugeView.swift; sourceTree = "<group>"; };
		98CC06E740F689BB6323A381 /* LocationManager.swift */ = {isa = PBXFileReference; lastKnownFileType = sourcecode.swift; path = LocationManager.swift; sourceTree = "<group>"; };
		9F4E9D9F71E2AFC7487E4257 /* TemperatureColor.swift */ = {isa = PBXFileReference; lastKnownFileType = sourcecode.swift; path = TemperatureColor.swift; sourceTree = "<group>"; };
		A6772CA404C2A188EEDF8E35 /* Thermometer.app */ = {isa = PBXFileReference; includeInIndex = 0; lastKnownFileType = wrapper.application; path = Thermometer.app; sourceTree = BUILT_PRODUCTS_DIR; };
		C4E60BB203372A191D1CF416 /* Assets.xcassets */ = {isa = PBXFileReference; lastKnownFileType = folder.assetcatalog; path = Assets.xcassets; sourceTree = "<group>"; };
		C96949225499373811B462BE /* OrnamentalGardenTubeView.swift */ = {isa = PBXFileReference; lastKnownFileType = sourcecode.swift; path = OrnamentalGardenTubeView.swift; sourceTree = "<group>"; };
		E21A067F46272DF0D7098674 /* RetroDigitalReadoutView.swift */ = {isa = PBXFileReference; lastKnownFileType = sourcecode.swift; path = RetroDigitalReadoutView.swift; sourceTree = "<group>"; };
		F775254868D42650419C89D4 /* LiquidColumnView.swift */ = {isa = PBXFileReference; lastKnownFileType = sourcecode.swift; path = LiquidColumnView.swift; sourceTree = "<group>"; };
/* End PBXFileReference section */

/* Begin PBXGroup section */
		34413B746494498EC8A601A7 /* Thermometer */ = {
			isa = PBXGroup;
			children = (
				C4E60BB203372A191D1CF416 /* Assets.xcassets */,
				0B8233BFB366A7E8923EEFC7 /* ContentView.swift */,
				876C0D96409098D73DCC2E57 /* DialGaugeView.swift */,
				86A0F9A71721A703F07A7ED6 /* GalileoColumnView.swift */,
				F775254868D42650419C89D4 /* LiquidColumnView.swift */,
				98CC06E740F689BB6323A381 /* LocationManager.swift */,
				C96949225499373811B462BE /* OrnamentalGardenTubeView.swift */,
				E21A067F46272DF0D7098674 /* RetroDigitalReadoutView.swift */,
				85BCB5355425F729C3C6BBA7 /* RetroUSSRView.swift */,
				9F4E9D9F71E2AFC7487E4257 /* TemperatureColor.swift */,
				3B17A0719947E91E69E2BBE6 /* ThermometerApp.swift */,
				01DF029D3F335F1E6C93A373 /* ThermometerView.swift */,
				737F9F7F1322E78AC6EE6C1E /* ThermometerVisualStyle.swift */,
				5AA531CC98DD574DD41D3222 /* WeatherService.swift */,
			);
			path = Thermometer;
			sourceTree = "<group>";
		};
		54365A3AD70C38A9E5149D87 /* Products */ = {
			isa = PBXGroup;
			children = (
				A6772CA404C2A188EEDF8E35 /* Thermometer.app */,
			);
			name = Products;
			sourceTree = "<group>";
		};
		950BB2053DB824328A1CBE7C = {
			isa = PBXGroup;
			children = (
				34413B746494498EC8A601A7 /* Thermometer */,
				54365A3AD70C38A9E5149D87 /* Products */,
			);
			sourceTree = "<group>";
		};
/* End PBXGroup section */

/* Begin PBXNativeTarget section */
		64F16F1E5A78CECA6CFE50C5 /* Thermometer */ = {
			isa = PBXNativeTarget;
			buildConfigurationList = DFC1721C7D0A3BAE364C26F8 /* Build configuration list for PBXNativeTarget "Thermometer" */;
			buildPhases = (
				C7A53FB2CF3775D380B3F706 /* Sources */,
				93E501803B517543241AC851 /* Resources */,
			);
			buildRules = (
			);
			dependencies = (
			);
			name = Thermometer;
			packageProductDependencies = (
			);
			productName = Thermometer;
			productReference = A6772CA404C2A188EEDF8E35 /* Thermometer.app */;
			productType = "com.apple.product-type.application";
		};
/* End PBXNativeTarget section */

/* Begin PBXProject section */
		78BD7D7A3DC257B104824419 /* Project object */ = {
			isa = PBXProject;
			attributes = {
				BuildIndependentTargetsInParallel = YES;
				LastUpgradeCheck = 1430;
				TargetAttributes = {
				};
			};
			buildConfigurationList = 7F82DB78C9B349989FA9B289 /* Build configuration list for PBXProject "Thermometer" */;
			developmentRegion = en;
			hasScannedForEncodings = 0;
			knownRegions = (
				Base,
				en,
			);
			mainGroup = 950BB2053DB824328A1CBE7C;
			minimizedProjectReferenceProxies = 1;
			preferredProjectObjectVersion = 77;
			productRefGroup = 54365A3AD70C38A9E5149D87 /* Products */;
			projectDirPath = "";
			projectRoot = "";
			targets = (
				64F16F1E5A78CECA6CFE50C5 /* Thermometer */,
			);
		};
/* End PBXProject section */

/* Begin PBXResourcesBuildPhase section */
		93E501803B517543241AC851 /* Resources */ = {
			isa = PBXResourcesBuildPhase;
			buildActionMask = 2147483647;
			files = (
				99B131F503CC657175176B93 /* Assets.xcassets in Resources */,
			);
			runOnlyForDeploymentPostprocessing = 0;
		};
/* End PBXResourcesBuildPhase section */

/* Begin PBXSourcesBuildPhase section */
		C7A53FB2CF3775D380B3F706 /* Sources */ = {
			isa = PBXSourcesBuildPhase;
			buildActionMask = 2147483647;
			files = (
				0295939812E773FBAB20058E /* ContentView.swift in Sources */,
				A8BA52B2E43970BDF2761443 /* DialGaugeView.swift in Sources */,
				BADB2AC76EFC99C91E10C267 /* GalileoColumnView.swift in Sources */,
				C8B4512186EC3DB82E34B78B /* LiquidColumnView.swift in Sources */,
				B073F24ACA82697313DDB5D3 /* LocationManager.swift in Sources */,
				CCAF5F188EE61875A18E8601 /* OrnamentalGardenTubeView.swift in Sources */,
				2FA00F7F4704008FCEB8801D /* RetroDigitalReadoutView.swift in Sources */,
				14C7B3E442C8BEB8451F51E8 /* RetroUSSRView.swift in Sources */,
				135A3B47ECD4A67C6CCF3877 /* TemperatureColor.swift in Sources */,
				C9C5D16B5A6DD87BDDB8067E /* ThermometerApp.swift in Sources */,
				7FAB0E5B311E3CEB4FEF9041 /* ThermometerView.swift in Sources */,
				5D66B57D69A0B2DDA2D23176 /* ThermometerVisualStyle.swift in Sources */,
				400B5B36F76BDD570C8DD8DB /* WeatherService.swift in Sources */,
			);
			runOnlyForDeploymentPostprocessing = 0;
		};
/* End PBXSourcesBuildPhase section */

/* Begin XCBuildConfiguration section */
		78165CEED89D0892FDCA511F /* Release */ = {
			isa = XCBuildConfiguration;
			buildSettings = {
				ALWAYS_SEARCH_USER_PATHS = NO;
				ASSETCATALOG_COMPILER_APPICON_NAME = AppIcon;
				ASSETCATALOG_COMPILER_GLOBAL_ACCENT_COLOR_NAME = AccentColor;
				CLANG_ANALYZER_NONNULL = YES;
				CLANG_ANALYZER_NUMBER_OBJECT_CONVERSION = YES_AGGRESSIVE;
				CLANG_CXX_LANGUAGE_STANDARD = "gnu++14";
				CLANG_CXX_LIBRARY = "libc++";
				CLANG_ENABLE_MODULES = YES;
				CLANG_ENABLE_OBJC_ARC = YES;
				CLANG_ENABLE_OBJC_WEAK = YES;
				CLANG_WARN_BLOCK_CAPTURE_AUTORELEASING = YES;
				CLANG_WARN_BOOL_CONVERSION = YES;
				CLANG_WARN_COMMA = YES;
				CLANG_WARN_CONSTANT_CONVERSION = YES;
				CLANG_WARN_DEPRECATED_OBJC_IMPLEMENTATIONS = YES;
				CLANG_WARN_DIRECT_OBJC_ISA_USAGE = YES_ERROR;
				CLANG_WARN_DOCUMENTATION_COMMENTS = YES;
				CLANG_WARN_EMPTY_BODY = YES;
				CLANG_WARN_ENUM_CONVERSION = YES;
				CLANG_WARN_INFINITE_RECURSION = YES;
				CLANG_WARN_INT_CONVERSION = YES;
				CLANG_WARN_NON_LITERAL_NULL_CONVERSION = YES;
				CLANG_WARN_OBJC_IMPLICIT_RETAIN_SELF = YES;
				CLANG_WARN_OBJC_LITERAL_CONVERSION = YES;
				CLANG_WARN_OBJC_ROOT_CLASS = YES_ERROR;
				CLANG_WARN_QUOTED_INCLUDE_IN_FRAMEWORK_HEADER = YES;
				CLANG_WARN_RANGE_LOOP_ANALYSIS = YES;
				CLANG_WARN_STRICT_PROTOTYPES = YES;
				CLANG_WARN_SUSPICIOUS_MOVE = YES;
				CLANG_WARN_UNGUARDED_AVAILABILITY = YES_AGGRESSIVE;
				CLANG_WARN_UNREACHABLE_CODE = YES;
				CLANG_WARN__DUPLICATE_METHOD_MATCH = YES;
				COPY_PHASE_STRIP = NO;
				DEBUG_INFORMATION_FORMAT = "dwarf-with-dsym";
				ENABLE_NS_ASSERTIONS = NO;
				ENABLE_STRICT_OBJC_MSGSEND = YES;
				GCC_C_LANGUAGE_STANDARD = gnu11;
				GCC_NO_COMMON_BLOCKS = YES;
				GCC_WARN_64_TO_32_BIT_CONVERSION = YES;
				GCC_WARN_ABOUT_RETURN_TYPE = YES_ERROR;
				GCC_WARN_UNDECLARED_SELECTOR = YES;
				GCC_WARN_UNINITIALIZED_AUTOS = YES_AGGRESSIVE;
				GCC_WARN_UNUSED_FUNCTION = YES;
				GCC_WARN_UNUSED_VARIABLE = YES;
				IPHONEOS_DEPLOYMENT_TARGET = 17.0;
				MTL_ENABLE_DEBUG_INFO = NO;
				MTL_FAST_MATH = YES;
				PRODUCT_NAME = "$(TARGET_NAME)";
				SDKROOT = iphoneos;
				SWIFT_COMPILATION_MODE = wholemodule;
				SWIFT_OPTIMIZATION_LEVEL = "-O";
				SWIFT_VERSION = 5.0;
				TARGETED_DEVICE_FAMILY = 1;
			};
			name = Release;
		};
		AC607283CBEAE6BEDFE91940 /* Release */ = {
			isa = XCBuildConfiguration;
			buildSettings = {
				ASSETCATALOG_COMPILER_APPICON_NAME = AppIcon;
				CODE_SIGN_IDENTITY = "iPhone Developer";
				CURRENT_PROJECT_VERSION = 1;
				GENERATE_INFOPLIST_FILE = NO;
				INFOPLIST_FILE = "Generated/Thermometer-Info.plist";
				IPHONEOS_DEPLOYMENT_TARGET = 17.0;
				LD_RUNPATH_SEARCH_PATHS = (
					"$(inherited)",
					"@executable_path/Frameworks",
				);
				MARKETING_VERSION = 1.0;
				PRODUCT_BUNDLE_IDENTIFIER = com.isayenko.thermometer;
				PRODUCT_NAME = Thermometer;
				SDKROOT = iphoneos;
				SWIFT_EMIT_LOC_STRINGS = YES;
				TARGETED_DEVICE_FAMILY = "1,2";
			};
			name = Release;
		};
		D93ECF64EC1FFF5FFE2C0C09 /* Debug */ = {
			isa = XCBuildConfiguration;
			buildSettings = {
				ALWAYS_SEARCH_USER_PATHS = NO;
				ASSETCATALOG_COMPILER_APPICON_NAME = AppIcon;
				ASSETCATALOG_COMPILER_GLOBAL_ACCENT_COLOR_NAME = AccentColor;
				CLANG_ANALYZER_NONNULL = YES;
				CLANG_ANALYZER_NUMBER_OBJECT_CONVERSION = YES_AGGRESSIVE;
				CLANG_CXX_LANGUAGE_STANDARD = "gnu++14";
				CLANG_CXX_LIBRARY = "libc++";
				CLANG_ENABLE_MODULES = YES;
				CLANG_ENABLE_OBJC_ARC = YES;
				CLANG_ENABLE_OBJC_WEAK = YES;
				CLANG_WARN_BLOCK_CAPTURE_AUTORELEASING = YES;
				CLANG_WARN_BOOL_CONVERSION = YES;
				CLANG_WARN_COMMA = YES;
				CLANG_WARN_CONSTANT_CONVERSION = YES;
				CLANG_WARN_DEPRECATED_OBJC_IMPLEMENTATIONS = YES;
				CLANG_WARN_DIRECT_OBJC_ISA_USAGE = YES_ERROR;
				CLANG_WARN_DOCUMENTATION_COMMENTS = YES;
				CLANG_WARN_EMPTY_BODY = YES;
				CLANG_WARN_ENUM_CONVERSION = YES;
				CLANG_WARN_INFINITE_RECURSION = YES;
				CLANG_WARN_INT_CONVERSION = YES;
				CLANG_WARN_NON_LITERAL_NULL_CONVERSION = YES;
				CLANG_WARN_OBJC_IMPLICIT_RETAIN_SELF = YES;
				CLANG_WARN_OBJC_LITERAL_CONVERSION = YES;
				CLANG_WARN_OBJC_ROOT_CLASS = YES_ERROR;
				CLANG_WARN_QUOTED_INCLUDE_IN_FRAMEWORK_HEADER = YES;
				CLANG_WARN_RANGE_LOOP_ANALYSIS = YES;
				CLANG_WARN_STRICT_PROTOTYPES = YES;
				CLANG_WARN_SUSPICIOUS_MOVE = YES;
				CLANG_WARN_UNGUARDED_AVAILABILITY = YES_AGGRESSIVE;
				CLANG_WARN_UNREACHABLE_CODE = YES;
				CLANG_WARN__DUPLICATE_METHOD_MATCH = YES;
				COPY_PHASE_STRIP = NO;
				DEBUG_INFORMATION_FORMAT = dwarf;
				ENABLE_STRICT_OBJC_MSGSEND = YES;
				ENABLE_TESTABILITY = YES;
				GCC_C_LANGUAGE_STANDARD = gnu11;
				GCC_DYNAMIC_NO_PIC = NO;
				GCC_NO_COMMON_BLOCKS = YES;
				GCC_OPTIMIZATION_LEVEL = 0;
				GCC_PREPROCESSOR_DEFINITIONS = (
					"$(inherited)",
					"DEBUG=1",
				);
				GCC_WARN_64_TO_32_BIT_CONVERSION = YES;
				GCC_WARN_ABOUT_RETURN_TYPE = YES_ERROR;
				GCC_WARN_UNDECLARED_SELECTOR = YES;
				GCC_WARN_UNINITIALIZED_AUTOS = YES_AGGRESSIVE;
				GCC_WARN_UNUSED_FUNCTION = YES;
				GCC_WARN_UNUSED_VARIABLE = YES;
				IPHONEOS_DEPLOYMENT_TARGET = 17.0;
				MTL_ENABLE_DEBUG_INFO = INCLUDE_SOURCE;
				MTL_FAST_MATH = YES;
				ONLY_ACTIVE_ARCH = YES;
				PRODUCT_NAME = "$(TARGET_NAME)";
				SDKROOT = iphoneos;
				SWIFT_ACTIVE_COMPILATION_CONDITIONS = DEBUG;
				SWIFT_OPTIMIZATION_LEVEL = "-Onone";
				SWIFT_VERSION = 5.0;
				TARGETED_DEVICE_FAMILY = 1;
			};
			name = Debug;
		};
		DE2E938F59116857C978C439 /* Debug */ = {
			isa = XCBuildConfiguration;
			buildSettings = {
				ASSETCATALOG_COMPILER_APPICON_NAME = AppIcon;
				CODE_SIGN_IDENTITY = "iPhone Developer";
				CURRENT_PROJECT_VERSION = 1;
				GENERATE_INFOPLIST_FILE = NO;
				INFOPLIST_FILE = "Generated/Thermometer-Info.plist";
				IPHONEOS_DEPLOYMENT_TARGET = 17.0;
				LD_RUNPATH_SEARCH_PATHS = (
					"$(inherited)",
					"@executable_path/Frameworks",
				);
				MARKETING_VERSION = 1.0;
				PRODUCT_BUNDLE_IDENTIFIER = com.isayenko.thermometer;
				PRODUCT_NAME = Thermometer;
				SDKROOT = iphoneos;
				SWIFT_EMIT_LOC_STRINGS = YES;
				TARGETED_DEVICE_FAMILY = "1,2";
			};
			name = Debug;
		};
/* End XCBuildConfiguration section */

/* Begin XCConfigurationList section */
		7F82DB78C9B349989FA9B289 /* Build configuration list for PBXProject "Thermometer" */ = {
			isa = XCConfigurationList;
			buildConfigurations = (
				D93ECF64EC1FFF5FFE2C0C09 /* Debug */,
				78165CEED89D0892FDCA511F /* Release */,
			);
			defaultConfigurationIsVisible = 0;
			defaultConfigurationName = Debug;
		};
		DFC1721C7D0A3BAE364C26F8 /* Build configuration list for PBXNativeTarget "Thermometer" */ = {
			isa = XCConfigurationList;
			buildConfigurations = (
				DE2E938F59116857C978C439 /* Debug */,
				AC607283CBEAE6BEDFE91940 /* Release */,
			);
			defaultConfigurationIsVisible = 0;
			defaultConfigurationName = Debug;
		};
/* End XCConfigurationList section */
	};
	rootObject = 78BD7D7A3DC257B104824419 /* Project object */;
}
